<?xml version="1.0" encoding="utf-8"?>
<Project ToolsVersion="4.0" xmlns="http://schemas.microsoft.com/developer/msbuild/2003">
  <ItemGroup>
    <Filter Include="Source Files">
      <UniqueIdentifier>{4FC737F1-C7A5-4376-A066-2A32D752A2FF}</UniqueIdentifier>
      <Extensions>cpp;c;cc;cxx;c++;cppm;ixx;def;odl;idl;hpj;bat;asm;asmx</Extensions>
    </Filter>
    <Filter Include="Header Files">
      <UniqueIdentifier>{93995380-89BD-4b04-88EB-625FBE52EBFB}</UniqueIdentifier>
      <Extensions>h;hh;hpp;hxx;h++;hm;inl;inc;ipp;xsd</Extensions>
    </Filter>
    <Filter Include="Resource Files">
      <UniqueIdentifier>{67DA6AB6-F800-4c08-8B7A-83BB121AAD01}</UniqueIdentifier>
      <Extensions>rc;ico;cur;bmp;dlg;rc2;rct;bin;rgs;gif;jpg;jpeg;jpe;resx;tiff;tif;png;wav;mfcribbon-ms</Extensions>
    </Filter>
    <Filter Include="Bin">
      <UniqueIdentifier>{a50e6f86-8b58-4183-97d8-58d2df74e171}</UniqueIdentifier>
    </Filter>
  </ItemGroup>
  <ItemGroup>
    <ClCompile Include="Source\main.cpp">
      <Filter>Source Files</Filter>
    </ClCompile>
    <ClCompile Include="Source\Player.cpp">
      <Filter>Source Files</Filter>
    </ClCompile>
    <ClCompile Include="Source\Global.cpp">
      <Filter>Source Files</Filter>
    </ClCompile>
    <ClCompile Include="Source\Block.cpp">
      <Filter>Source Files</Filter>
    </ClCompile>
    <ClCompile Include="Source\ABlock.cpp">
      <Filter>Source Files</Filter>
    </ClCompile>
    <ClCompile Include="Source\BlockManager.cpp">
      <Filter>Source Files</Filter>
    </ClCompile>
    <ClCompile Include="Source\Animation.cpp">
      <Filter>Source Files</Filter>
    </ClCompile>
    <ClCompile Include="Source\Trigger.cpp">
      <Filter>Source Files</Filter>
    </ClCompile>
    <ClCompile Include="Source\Door.cpp">
      <Filter>Source Files</Filter>
    </ClCompile>
  </ItemGroup>
  <ItemGroup>
    <None Include="openal32.dll">
      <Filter>Bin</Filter>
    </None>
    <None Include="sfml-audio-2.dll">
      <Filter>Bin</Filter>
    </None>
    <None Include="sfml-audio-d-2.dll">
      <Filter>Bin</Filter>
    </None>
    <None Include="sfml-graphics-2.dll">
      <Filter>Bin</Filter>
    </None>
    <None Include="sfml-graphics-d-2.dll">
      <Filter>Bin</Filter>
    </None>
    <None Include="sfml-network-2.dll">
      <Filter>Bin</Filter>
    </None>
    <None Include="sfml-network-d-2.dll">
      <Filter>Bin</Filter>
    </None>
    <None Include="sfml-system-2.dll">
      <Filter>Bin</Filter>
    </None>
    <None Include="sfml-system-d-2.dll">
      <Filter>Bin</Filter>
    </None>
    <None Include="sfml-window-2.dll">
      <Filter>Bin</Filter>
    </None>
    <None Include="sfml-window-d-2.dll">
      <Filter>Bin</Filter>
    </None>
    <None Include="Shaders\fShader.frag">
      <Filter>Resource Files</Filter>
    </None>
  </ItemGroup>
  <ItemGroup>
    <ClInclude Include="Headers\Player.h">
      <Filter>Header Files</Filter>
    </ClInclude>
    <ClInclude Include="Headers\Block.h">
      <Filter>Header Files</Filter>
    </ClInclude>
    <ClInclude Include="Headers\ABlock.h">
      <Filter>Header Files</Filter>
    </ClInclude>
    <ClInclude Include="Headers\BlockManager.h">
      <Filter>Header Files</Filter>
    </ClInclude>
    <ClInclude Include="Headers\Global.h">
      <Filter>Header Files</Filter>
    </ClInclude>
    <ClInclude Include="Headers\Animation.h">
      <Filter>Header Files</Filter>
    </ClInclude>
    <ClInclude Include="Headers\Triggers.h">
      <Filter>Header Files</Filter>
    </ClInclude>
    <ClInclude Include="Headers\Door.h">
      <Filter>Header Files</Filter>
    </ClInclude>
  </ItemGroup>
  <ItemGroup>
    <Media Include="Sounds\Mushroom.wav">
      <Filter>Resource Files</Filter>
    </Media>
  </ItemGroup>
  <ItemGroup>
    <Image Include="Textures\ABlock.png">
      <Filter>Resource Files</Filter>
    </Image>
    <Image Include="Textures\BackRound.png">
      <Filter>Resource Files</Filter>
    </Image>
    <Image Include="Textures\Block.png">
      <Filter>Resource Files</Filter>
    </Image>
    <Image Include="Textures\Door.png">
      <Filter>Resource Files</Filter>
    </Image>
    <Image Include="Textures\HomeScreen.png">
      <Filter>Resource Files</Filter>
    </Image>
    <Image Include="Textures\Lava.png">
      <Filter>Resource Files</Filter>
    </Image>
    <Image Include="Textures\LevelSelect.png">
      <Filter>Resource Files</Filter>
    </Image>
    <Image Include="Textures\LittleGuyIdle.png">
      <Filter>Resource Files</Filter>
    </Image>
    <Image Include="Textures\LittleWalkAnim.png">
      <Filter>Resource Files</Filter>
    </Image>
    <Image Include="Textures\map1.png">
      <Filter>Resource Files</Filter>
    </Image>
    <Image Include="Textures\map2.png">
      <Filter>Resource Files</Filter>
    </Image>
    <Image Include="Textures\map3.png">
      <Filter>Resource Files</Filter>
    </Image>
    <Image Include="Textures\map4.png">
      <Filter>Resource Files</Filter>
    </Image>
    <Image Include="Textures\map5.png">
      <Filter>Resource Files</Filter>
    </Image>
    <Image Include="Textures\SpinGuy.png">
      <Filter>Resource Files</Filter>
    </Image>
    <Image Include="Textures\Trigger.png">
      <Filter>Resource Files</Filter>
    </Image>
  </ItemGroup>
</Project>